
Microsoft Visual Studio Solution File, Format Version 12.00
# Visual Studio Version 16
VisualStudioVersion = 16.0.29613.14
MinimumVisualStudioVersion = 10.0.40219.1
Project("{9A19103F-16F7-4668-BE54-9A1E7A4F7556}") = "FBOLinx.Web", "FBOLinx.Web\FBOLinx.Web.csproj", "{44CC2935-A87C-4D6E-A2AE-135A8C5445F8}"
EndProject
Project("{9A19103F-16F7-4668-BE54-9A1E7A4F7556}") = "Fuelerlinx.SDK", "..\Fuelerlinx.SDK\Fuelerlinx.SDK.csproj", "{6109B637-9F68-4111-BC08-EF63C4BF325E}"
EndProject
Global
	GlobalSection(SolutionConfigurationPlatforms) = preSolution
		Debug|Any CPU = Debug|Any CPU
		Release|Any CPU = Release|Any CPU
	EndGlobalSection
	GlobalSection(ProjectConfigurationPlatforms) = postSolution
		{44CC2935-A87C-4D6E-A2AE-135A8C5445F8}.Debug|Any CPU.ActiveCfg = Debug|Any CPU
		{44CC2935-A87C-4D6E-A2AE-135A8C5445F8}.Debug|Any CPU.Build.0 = Debug|Any CPU
		{44CC2935-A87C-4D6E-A2AE-135A8C5445F8}.Release|Any CPU.ActiveCfg = Release|Any CPU
		{44CC2935-A87C-4D6E-A2AE-135A8C5445F8}.Release|Any CPU.Build.0 = Release|Any CPU
		{6109B637-9F68-4111-BC08-EF63C4BF325E}.Debug|Any CPU.ActiveCfg = Debug|Any CPU
		{6109B637-9F68-4111-BC08-EF63C4BF325E}.Debug|Any CPU.Build.0 = Debug|Any CPU
		{6109B637-9F68-4111-BC08-EF63C4BF325E}.Release|Any CPU.ActiveCfg = Release|Any CPU
		{6109B637-9F68-4111-BC08-EF63C4BF325E}.Release|Any CPU.Build.0 = Release|Any CPU
	EndGlobalSection
	GlobalSection(SolutionProperties) = preSolution
		HideSolutionNode = FALSE
	EndGlobalSection
	GlobalSection(ExtensibilityGlobals) = postSolution
		SolutionGuid = {8A1D0CEF-BE09-4E9E-B68A-BF3C66AE5150}
	EndGlobalSection
EndGlobal
