
Microsoft Visual Studio Solution File, Format Version 12.00
# Visual Studio Version 16
VisualStudioVersion = 16.0.29613.14
MinimumVisualStudioVersion = 10.0.40219.1
Project("{9A19103F-16F7-4668-BE54-9A1E7A4F7556}") = "FBOLinx.Web", "FBOLinx.Web\FBOLinx.Web.csproj", "{44CC2935-A87C-4D6E-A2AE-135A8C5445F8}"
EndProject
Project("{9A19103F-16F7-4668-BE54-9A1E7A4F7556}") = "Fuelerlinx.SDK", "..\Fuelerlinx.SDK\Fuelerlinx.SDK.csproj", "{6109B637-9F68-4111-BC08-EF63C4BF325E}"
EndProject
Project("{9A19103F-16F7-4668-BE54-9A1E7A4F7556}") = "FBOLinx.DB", "FBOLinx.DB\FBOLinx.DB.csproj", "{F2FB1544-1594-433D-B33E-A2A9BD6934DE}"
EndProject
Project("{9A19103F-16F7-4668-BE54-9A1E7A4F7556}") = "FBOLinx.Core", "FBOLinx.Core\FBOLinx.Core.csproj", "{72C71D4B-10F2-4842-B60C-DE888B66A8E9}"
EndProject
Project("{9A19103F-16F7-4668-BE54-9A1E7A4F7556}") = "FBOLinx.ServiceLayer", "FBOLinx.ServiceLayer\FBOLinx.ServiceLayer.csproj", "{56998985-35D4-4866-9015-F480D999AF8D}"
EndProject
Project("{9A19103F-16F7-4668-BE54-9A1E7A4F7556}") = "FBOLinx.Job", "FBOLinx.Job\FBOLinx.Job.csproj", "{58D6944F-225E-4128-8F21-91EEBD426D8F}"
EndProject
Project("{9A19103F-16F7-4668-BE54-9A1E7A4F7556}") = "FBOLinx.Job.Test", "FBOLinx.Job.Test\FBOLinx.Job.Test.csproj", "{9C603C7D-6550-492F-A0C9-E01A16EB86DF}"
EndProject
Project("{9A19103F-16F7-4668-BE54-9A1E7A4F7556}") = "FBOLinx.ServiceLayer.Test", "FBOLinx.ServiceLayer.Test\FBOLinx.ServiceLayer.Test.csproj", "{0EB5E4A4-805E-4BAE-95CB-D08B0F8F6F52}"
EndProject
Global
	GlobalSection(SolutionConfigurationPlatforms) = preSolution
		Debug|Any CPU = Debug|Any CPU
		Release|Any CPU = Release|Any CPU
	EndGlobalSection
	GlobalSection(ProjectConfigurationPlatforms) = postSolution
		{44CC2935-A87C-4D6E-A2AE-135A8C5445F8}.Debug|Any CPU.ActiveCfg = Debug|Any CPU
		{44CC2935-A87C-4D6E-A2AE-135A8C5445F8}.Debug|Any CPU.Build.0 = Debug|Any CPU
		{44CC2935-A87C-4D6E-A2AE-135A8C5445F8}.Release|Any CPU.ActiveCfg = Release|Any CPU
		{44CC2935-A87C-4D6E-A2AE-135A8C5445F8}.Release|Any CPU.Build.0 = Release|Any CPU
		{6109B637-9F68-4111-BC08-EF63C4BF325E}.Debug|Any CPU.ActiveCfg = Debug|Any CPU
		{6109B637-9F68-4111-BC08-EF63C4BF325E}.Debug|Any CPU.Build.0 = Debug|Any CPU
		{6109B637-9F68-4111-BC08-EF63C4BF325E}.Release|Any CPU.ActiveCfg = Release|Any CPU
		{6109B637-9F68-4111-BC08-EF63C4BF325E}.Release|Any CPU.Build.0 = Release|Any CPU
		{F2FB1544-1594-433D-B33E-A2A9BD6934DE}.Debug|Any CPU.ActiveCfg = Debug|Any CPU
		{F2FB1544-1594-433D-B33E-A2A9BD6934DE}.Debug|Any CPU.Build.0 = Debug|Any CPU
		{F2FB1544-1594-433D-B33E-A2A9BD6934DE}.Release|Any CPU.ActiveCfg = Release|Any CPU
		{F2FB1544-1594-433D-B33E-A2A9BD6934DE}.Release|Any CPU.Build.0 = Release|Any CPU
		{72C71D4B-10F2-4842-B60C-DE888B66A8E9}.Debug|Any CPU.ActiveCfg = Debug|Any CPU
		{72C71D4B-10F2-4842-B60C-DE888B66A8E9}.Debug|Any CPU.Build.0 = Debug|Any CPU
		{72C71D4B-10F2-4842-B60C-DE888B66A8E9}.Release|Any CPU.ActiveCfg = Release|Any CPU
		{72C71D4B-10F2-4842-B60C-DE888B66A8E9}.Release|Any CPU.Build.0 = Release|Any CPU
		{56998985-35D4-4866-9015-F480D999AF8D}.Debug|Any CPU.ActiveCfg = Debug|Any CPU
		{56998985-35D4-4866-9015-F480D999AF8D}.Debug|Any CPU.Build.0 = Debug|Any CPU
		{56998985-35D4-4866-9015-F480D999AF8D}.Release|Any CPU.ActiveCfg = Release|Any CPU
		{56998985-35D4-4866-9015-F480D999AF8D}.Release|Any CPU.Build.0 = Release|Any CPU
		{58D6944F-225E-4128-8F21-91EEBD426D8F}.Debug|Any CPU.ActiveCfg = Debug|Any CPU
		{58D6944F-225E-4128-8F21-91EEBD426D8F}.Debug|Any CPU.Build.0 = Debug|Any CPU
		{58D6944F-225E-4128-8F21-91EEBD426D8F}.Release|Any CPU.ActiveCfg = Release|Any CPU
		{58D6944F-225E-4128-8F21-91EEBD426D8F}.Release|Any CPU.Build.0 = Release|Any CPU
		{9C603C7D-6550-492F-A0C9-E01A16EB86DF}.Debug|Any CPU.ActiveCfg = Debug|Any CPU
		{9C603C7D-6550-492F-A0C9-E01A16EB86DF}.Debug|Any CPU.Build.0 = Debug|Any CPU
		{9C603C7D-6550-492F-A0C9-E01A16EB86DF}.Release|Any CPU.ActiveCfg = Release|Any CPU
		{9C603C7D-6550-492F-A0C9-E01A16EB86DF}.Release|Any CPU.Build.0 = Release|Any CPU
		{0EB5E4A4-805E-4BAE-95CB-D08B0F8F6F52}.Debug|Any CPU.ActiveCfg = Debug|Any CPU
		{0EB5E4A4-805E-4BAE-95CB-D08B0F8F6F52}.Debug|Any CPU.Build.0 = Debug|Any CPU
		{0EB5E4A4-805E-4BAE-95CB-D08B0F8F6F52}.Release|Any CPU.ActiveCfg = Release|Any CPU
		{0EB5E4A4-805E-4BAE-95CB-D08B0F8F6F52}.Release|Any CPU.Build.0 = Release|Any CPU
	EndGlobalSection
	GlobalSection(SolutionProperties) = preSolution
		HideSolutionNode = FALSE
	EndGlobalSection
	GlobalSection(ExtensibilityGlobals) = postSolution
		SolutionGuid = {8A1D0CEF-BE09-4E9E-B68A-BF3C66AE5150}
	EndGlobalSection
EndGlobal
