{
  "requires": true,
  "lockfileVersion": 1,
  "dependencies": {
    "angular2-text-mask": {
      "version": "9.0.0",
      "resolved": "https://registry.npmjs.org/angular2-text-mask/-/angular2-text-mask-9.0.0.tgz",
      "integrity": "sha512-iALcnhJPS1zvX48d86rgUgDe/crX6XfhZrXC4Gdlo2/YwZW7u7KJZY6/b3ieSCIWVq/E6p+wDCzeo3E6leRjDA==",
      "requires": {
        "text-mask-core": "^5.0.0"
      }
    },
    "jquery": {
      "version": "3.3.1",
      "resolved": "https://registry.npmjs.org/jquery/-/jquery-3.3.1.tgz",
      "integrity": "sha512-Ubldcmxp5np52/ENotGxlLe6aGMvmF4R8S6tZjsP6Knsaxd/xp3Zrh50cG93lR6nPXyUFwzN3ZSOQI0wRJNdGg=="
    },
    "jquery-carousel": {
      "version": "0.0.1",
      "resolved": "https://registry.npmjs.org/jquery-carousel/-/jquery-carousel-0.0.1.tgz",
      "integrity": "sha1-s+GiYOvwZBigZDhG8nG4T8d3fDY=",
      "requires": {
        "jquery": "^3.1.1"
      }
    },
    "jquery.fancybox": {
      "version": "2.1.5",
      "resolved": "https://registry.npmjs.org/jquery.fancybox/-/jquery.fancybox-2.1.5.tgz",
      "integrity": "sha1-5xdsGtqAwMZGGizBSf7+UlPgLAQ="
    },
    "text-mask-core": {
      "version": "5.1.2",
      "resolved": "https://registry.npmjs.org/text-mask-core/-/text-mask-core-5.1.2.tgz",
      "integrity": "sha1-gN1evgSCV1fkZhnmkUB6n4s8G28="
    }
  }
}
