{
  "requires": true,
  "lockfileVersion": 1,
  "dependencies": {
    "ngx-smart-popover": {
      "version": "1.4.0",
      "resolved": "https://registry.npmjs.org/ngx-smart-popover/-/ngx-smart-popover-1.4.0.tgz",
      "integrity": "sha512-ZSMRvKiE/HzATEntVhLzQ+AfQakEDhqP5VcujTI/3DOWKFqPnCSgw7GD/pfQ2xIJ9r4Si9RQPHrYP6cv09efcQ==",
      "requires": {
        "tslib": "^1.9.0"
      }
    },
    "tslib": {
      "version": "1.14.1",
      "resolved": "https://registry.npmjs.org/tslib/-/tslib-1.14.1.tgz",
      "integrity": "sha512-Xni35NKzjgMrwevysHTCArtLDpPvye8zV/0E4EyYn43P7/7qvQwPh9BGkHewbMulVntbigmcT7rdX3BNo9wRJg=="
    }
  }
}
